// !$*UTF8*$!
{
	archiveVersion = 1;
	classes = {
	};
	objectVersion = 50;
	objects = {

/* Begin PBXFileReference section */
		E54B2D72258060B5009DF920 /* arraysYVectores.cpp */ = {isa = PBXFileReference; lastKnownFileType = sourcecode.cpp.cpp; path = arraysYVectores.cpp; sourceTree = "<group>"; };
		E54B2D73258060B5009DF920 /* arraysYVectores.hpp */ = {isa = PBXFileReference; lastKnownFileType = sourcecode.cpp.h; path = arraysYVectores.hpp; sourceTree = "<group>"; };
		E54B2D74258064C0009DF920 /* deberMayorNumero.cpp */ = {isa = PBXFileReference; lastKnownFileType = sourcecode.cpp.cpp; path = deberMayorNumero.cpp; sourceTree = "<group>"; };
		E54B2D75258064C0009DF920 /* deberMayorNumero.hpp */ = {isa = PBXFileReference; lastKnownFileType = sourcecode.cpp.h; path = deberMayorNumero.hpp; sourceTree = "<group>"; };
		E57D3C2D257C4A9200A52CB1 /* main.c */ = {isa = PBXFileReference; lastKnownFileType = sourcecode.c.c; path = main.c; sourceTree = "<group>"; };
/* End PBXFileReference section */

/* Begin PBXGroup section */
		E57D3C26257C4A7F00A52CB1 = {
			isa = PBXGroup;
			children = (
				E54B2D74258064C0009DF920 /* deberMayorNumero.cpp */,
				E54B2D75258064C0009DF920 /* deberMayorNumero.hpp */,
				E54B2D72258060B5009DF920 /* arraysYVectores.cpp */,
				E54B2D73258060B5009DF920 /* arraysYVectores.hpp */,
				E57D3C2D257C4A9200A52CB1 /* main.c */,
			);
			sourceTree = "<group>";
		};
/* End PBXGroup section */

/* Begin PBXProject section */
		E57D3C27257C4A7F00A52CB1 /* Project object */ = {
			isa = PBXProject;
			attributes = {
				LastUpgradeCheck = 1220;
			};
			buildConfigurationList = E57D3C2A257C4A7F00A52CB1 /* Build configuration list for PBXProject "C++" */;
			compatibilityVersion = "Xcode 9.3";
			developmentRegion = en;
			hasScannedForEncodings = 0;
			knownRegions = (
				en,
				Base,
			);
			mainGroup = E57D3C26257C4A7F00A52CB1;
			projectDirPath = "";
			projectRoot = "";
			targets = (
			);
		};
/* End PBXProject section */

/* Begin XCBuildConfiguration section */
		E57D3C2B257C4A7F00A52CB1 /* Debug */ = {
			isa = XCBuildConfiguration;
			buildSettings = {
			};
			name = Debug;
		};
		E57D3C2C257C4A7F00A52CB1 /* Release */ = {
			isa = XCBuildConfiguration;
			buildSettings = {
			};
			name = Release;
		};
/* End XCBuildConfiguration section */

/* Begin XCConfigurationList section */
		E57D3C2A257C4A7F00A52CB1 /* Build configuration list for PBXProject "C++" */ = {
			isa = XCConfigurationList;
			buildConfigurations = (
				E57D3C2B257C4A7F00A52CB1 /* Debug */,
				E57D3C2C257C4A7F00A52CB1 /* Release */,
			);
			defaultConfigurationIsVisible = 0;
			defaultConfigurationName = Release;
		};
/* End XCConfigurationList section */
	};
	rootObject = E57D3C27257C4A7F00A52CB1 /* Project object */;
}
